# THIS IS AN AUTOGENERATED FILE. DO NOT EDIT THIS FILE DIRECTLY.
# yarn lockfile v1


gmaps-heatmap@^1.0.2:
  version "1.0.2"
  resolved "https://registry.yarnpkg.com/gmaps-heatmap/-/gmaps-heatmap-1.0.2.tgz#c2fb88d7e88480efb14847def5d7f156d1182b96"
  dependencies:
    google-maps "*"
    heatmap.js "*"

google-maps@*:
  version "3.3.0"
  resolved "https://registry.yarnpkg.com/google-maps/-/google-maps-3.3.0.tgz#4432b4715406bc15268ad35b1dd1b04d974956a6"

heatmap.js@*:
  version "2.0.5"
  resolved "https://registry.yarnpkg.com/heatmap.js/-/heatmap.js-2.0.5.tgz#466d3b86513f5d49112a49d25700ab2730149153"

heatmapjs@^2.0.2:
  version "2.0.2"
  resolved "https://registry.yarnpkg.com/heatmapjs/-/heatmapjs-2.0.2.tgz#4763dee6fc9ff794dde20b8db028c204ff6bec87"

jquery@^3.3.1:
  version "3.3.1"
  resolved "https://registry.yarnpkg.com/jquery/-/jquery-3.3.1.tgz#958ce29e81c9790f31be7792df5d4d95fc57fbca"
